// !$*UTF8*$!
{
	archiveVersion = 1;
	classes = {
	};
	objectVersion = 50;
	objects = {

/* Begin PBXBuildFile section */
		7D83B56AAFD73580F12B6620 /* Pods_LearnTexture.framework in Frameworks */ = {isa = PBXBuildFile; fileRef = D003A129D472CA9177537DB5 /* Pods_LearnTexture.framework */; };
		934FC0F222852538000254D7 /* ScrollViewWithEditableText.swift in Sources */ = {isa = PBXBuildFile; fileRef = 934FC0F122852538000254D7 /* ScrollViewWithEditableText.swift */; };
		934FC0F422852789000254D7 /* TextInput.swift in Sources */ = {isa = PBXBuildFile; fileRef = 934FC0F322852789000254D7 /* TextInput.swift */; };
		934FC0F622853434000254D7 /* TextArea.swift in Sources */ = {isa = PBXBuildFile; fileRef = 934FC0F522853434000254D7 /* TextArea.swift */; };
		934FC0F82285A572000254D7 /* ImageWithAbsoluteIcon.swift in Sources */ = {isa = PBXBuildFile; fileRef = 934FC0F72285A572000254D7 /* ImageWithAbsoluteIcon.swift */; };
		934FC0FA22869B65000254D7 /* SimplePlaygorund.swift in Sources */ = {isa = PBXBuildFile; fileRef = 934FC0F922869B65000254D7 /* SimplePlaygorund.swift */; };
		93B84CCE2281B00B00ED2CDD /* Button.swift in Sources */ = {isa = PBXBuildFile; fileRef = 93B84CCD2281B00B00ED2CDD /* Button.swift */; };
		93DA6F832268CE1400B395B7 /* AppDelegate.swift in Sources */ = {isa = PBXBuildFile; fileRef = 93DA6F822268CE1400B395B7 /* AppDelegate.swift */; };
		93DA6F882268CE1400B395B7 /* Main.storyboard in Resources */ = {isa = PBXBuildFile; fileRef = 93DA6F862268CE1400B395B7 /* Main.storyboard */; };
		93DA6F8A2268CE1500B395B7 /* Assets.xcassets in Resources */ = {isa = PBXBuildFile; fileRef = 93DA6F892268CE1500B395B7 /* Assets.xcassets */; };
		93DA6F8D2268CE1500B395B7 /* LaunchScreen.storyboard in Resources */ = {isa = PBXBuildFile; fileRef = 93DA6F8B2268CE1500B395B7 /* LaunchScreen.storyboard */; };
		93DA6F952268D6FA00B395B7 /* MainViewController.swift in Sources */ = {isa = PBXBuildFile; fileRef = 93DA6F942268D6FA00B395B7 /* MainViewController.swift */; };
		93E093F42284DBEE00A22A8E /* ImageWithOverlayTexrViewController.swift in Sources */ = {isa = PBXBuildFile; fileRef = 93E093F32284DBEE00A22A8E /* ImageWithOverlayTexrViewController.swift */; };
/* End PBXBuildFile section */

/* Begin PBXFileReference section */
		43AEA830D836ADE46B4D4E16 /* Pods-LearnTexture.release.xcconfig */ = {isa = PBXFileReference; includeInIndex = 1; lastKnownFileType = text.xcconfig; name = "Pods-LearnTexture.release.xcconfig"; path = "Target Support Files/Pods-LearnTexture/Pods-LearnTexture.release.xcconfig"; sourceTree = "<group>"; };
		7C5F8334F59094648ABD32C2 /* Pods-LearnTexture.debug.xcconfig */ = {isa = PBXFileReference; includeInIndex = 1; lastKnownFileType = text.xcconfig; name = "Pods-LearnTexture.debug.xcconfig"; path = "Target Support Files/Pods-LearnTexture/Pods-LearnTexture.debug.xcconfig"; sourceTree = "<group>"; };
		934FC0F122852538000254D7 /* ScrollViewWithEditableText.swift */ = {isa = PBXFileReference; lastKnownFileType = sourcecode.swift; path = ScrollViewWithEditableText.swift; sourceTree = "<group>"; };
		934FC0F322852789000254D7 /* TextInput.swift */ = {isa = PBXFileReference; lastKnownFileType = sourcecode.swift; path = TextInput.swift; sourceTree = "<group>"; };
		934FC0F522853434000254D7 /* TextArea.swift */ = {isa = PBXFileReference; lastKnownFileType = sourcecode.swift; path = TextArea.swift; sourceTree = "<group>"; };
		934FC0F72285A572000254D7 /* ImageWithAbsoluteIcon.swift */ = {isa = PBXFileReference; lastKnownFileType = sourcecode.swift; path = ImageWithAbsoluteIcon.swift; sourceTree = "<group>"; };
		934FC0F922869B65000254D7 /* SimplePlaygorund.swift */ = {isa = PBXFileReference; lastKnownFileType = sourcecode.swift; path = SimplePlaygorund.swift; sourceTree = "<group>"; };
		93B84CCD2281B00B00ED2CDD /* Button.swift */ = {isa = PBXFileReference; lastKnownFileType = sourcecode.swift; path = Button.swift; sourceTree = "<group>"; };
		93DA6F7F2268CE1400B395B7 /* LearnTexture.app */ = {isa = PBXFileReference; explicitFileType = wrapper.application; includeInIndex = 0; path = LearnTexture.app; sourceTree = BUILT_PRODUCTS_DIR; };
		93DA6F822268CE1400B395B7 /* AppDelegate.swift */ = {isa = PBXFileReference; lastKnownFileType = sourcecode.swift; path = AppDelegate.swift; sourceTree = "<group>"; };
		93DA6F872268CE1400B395B7 /* Base */ = {isa = PBXFileReference; lastKnownFileType = file.storyboard; name = Base; path = Base.lproj/Main.storyboard; sourceTree = "<group>"; };
		93DA6F892268CE1500B395B7 /* Assets.xcassets */ = {isa = PBXFileReference; lastKnownFileType = folder.assetcatalog; path = Assets.xcassets; sourceTree = "<group>"; };
		93DA6F8C2268CE1500B395B7 /* Base */ = {isa = PBXFileReference; lastKnownFileType = file.storyboard; name = Base; path = Base.lproj/LaunchScreen.storyboard; sourceTree = "<group>"; };
		93DA6F8E2268CE1500B395B7 /* Info.plist */ = {isa = PBXFileReference; lastKnownFileType = text.plist.xml; path = Info.plist; sourceTree = "<group>"; };
		93DA6F942268D6FA00B395B7 /* MainViewController.swift */ = {isa = PBXFileReference; lastKnownFileType = sourcecode.swift; path = MainViewController.swift; sourceTree = "<group>"; };
		93E093F32284DBEE00A22A8E /* ImageWithOverlayTexrViewController.swift */ = {isa = PBXFileReference; lastKnownFileType = sourcecode.swift; path = ImageWithOverlayTexrViewController.swift; sourceTree = "<group>"; };
		D003A129D472CA9177537DB5 /* Pods_LearnTexture.framework */ = {isa = PBXFileReference; explicitFileType = wrapper.framework; includeInIndex = 0; path = Pods_LearnTexture.framework; sourceTree = BUILT_PRODUCTS_DIR; };
/* End PBXFileReference section */

/* Begin PBXFrameworksBuildPhase section */
		93DA6F7C2268CE1400B395B7 /* Frameworks */ = {
			isa = PBXFrameworksBuildPhase;
			buildActionMask = 2147483647;
			files = (
				7D83B56AAFD73580F12B6620 /* Pods_LearnTexture.framework in Frameworks */,
			);
			runOnlyForDeploymentPostprocessing = 0;
		};
/* End PBXFrameworksBuildPhase section */

/* Begin PBXGroup section */
		1444495055656E7C262532B7 /* Pods */ = {
			isa = PBXGroup;
			children = (
				7C5F8334F59094648ABD32C2 /* Pods-LearnTexture.debug.xcconfig */,
				43AEA830D836ADE46B4D4E16 /* Pods-LearnTexture.release.xcconfig */,
			);
			path = Pods;
			sourceTree = "<group>";
		};
		284F07C241C5DB81D7DC07D9 /* Frameworks */ = {
			isa = PBXGroup;
			children = (
				D003A129D472CA9177537DB5 /* Pods_LearnTexture.framework */,
			);
			name = Frameworks;
			sourceTree = "<group>";
		};
		93B84CCC2281AFE000ED2CDD /* Components */ = {
			isa = PBXGroup;
			children = (
				93B84CCD2281B00B00ED2CDD /* Button.swift */,
				934FC0F322852789000254D7 /* TextInput.swift */,
				934FC0F522853434000254D7 /* TextArea.swift */,
			);
			path = Components;
			sourceTree = "<group>";
		};
		93DA6F762268CE1400B395B7 = {
			isa = PBXGroup;
			children = (
				93DA6F812268CE1400B395B7 /* LearnTexture */,
				93DA6F802268CE1400B395B7 /* Products */,
				1444495055656E7C262532B7 /* Pods */,
				284F07C241C5DB81D7DC07D9 /* Frameworks */,
			);
			sourceTree = "<group>";
		};
		93DA6F802268CE1400B395B7 /* Products */ = {
			isa = PBXGroup;
			children = (
				93DA6F7F2268CE1400B395B7 /* LearnTexture.app */,
			);
			name = Products;
			sourceTree = "<group>";
		};
		93DA6F812268CE1400B395B7 /* LearnTexture */ = {
			isa = PBXGroup;
			children = (
				93B84CCC2281AFE000ED2CDD /* Components */,
				93DA6F822268CE1400B395B7 /* AppDelegate.swift */,
				93DA6F942268D6FA00B395B7 /* MainViewController.swift */,
				93E093F32284DBEE00A22A8E /* ImageWithOverlayTexrViewController.swift */,
				934FC0F122852538000254D7 /* ScrollViewWithEditableText.swift */,
				934FC0F72285A572000254D7 /* ImageWithAbsoluteIcon.swift */,
				934FC0F922869B65000254D7 /* SimplePlaygorund.swift */,
				93DA6F862268CE1400B395B7 /* Main.storyboard */,
				93DA6F892268CE1500B395B7 /* Assets.xcassets */,
				93DA6F8B2268CE1500B395B7 /* LaunchScreen.storyboard */,
				93DA6F8E2268CE1500B395B7 /* Info.plist */,
			);
			path = LearnTexture;
			sourceTree = "<group>";
		};
/* End PBXGroup section */

/* Begin PBXNativeTarget section */
		93DA6F7E2268CE1400B395B7 /* LearnTexture */ = {
			isa = PBXNativeTarget;
			buildConfigurationList = 93DA6F912268CE1500B395B7 /* Build configuration list for PBXNativeTarget "LearnTexture" */;
			buildPhases = (
				8181AE887EBF1E72611C635A /* [CP] Check Pods Manifest.lock */,
				93DA6F7B2268CE1400B395B7 /* Sources */,
				93DA6F7C2268CE1400B395B7 /* Frameworks */,
				93DA6F7D2268CE1400B395B7 /* Resources */,
				0D6ABBE5AD80EBA3448E4344 /* [CP] Embed Pods Frameworks */,
			);
			buildRules = (
			);
			dependencies = (
			);
			name = LearnTexture;
			productName = LearnTexture;
			productReference = 93DA6F7F2268CE1400B395B7 /* LearnTexture.app */;
			productType = "com.apple.product-type.application";
		};
/* End PBXNativeTarget section */

/* Begin PBXProject section */
		93DA6F772268CE1400B395B7 /* Project object */ = {
			isa = PBXProject;
			attributes = {
				LastSwiftUpdateCheck = 1010;
				LastUpgradeCheck = 1010;
				ORGANIZATIONNAME = "Sigit Hanafi";
				TargetAttributes = {
					93DA6F7E2268CE1400B395B7 = {
						CreatedOnToolsVersion = 10.1;
					};
				};
			};
			buildConfigurationList = 93DA6F7A2268CE1400B395B7 /* Build configuration list for PBXProject "LearnTexture" */;
			compatibilityVersion = "Xcode 9.3";
			developmentRegion = en;
			hasScannedForEncodings = 0;
			knownRegions = (
				en,
				Base,
			);
			mainGroup = 93DA6F762268CE1400B395B7;
			productRefGroup = 93DA6F802268CE1400B395B7 /* Products */;
			projectDirPath = "";
			projectRoot = "";
			targets = (
				93DA6F7E2268CE1400B395B7 /* LearnTexture */,
			);
		};
/* End PBXProject section */

/* Begin PBXResourcesBuildPhase section */
		93DA6F7D2268CE1400B395B7 /* Resources */ = {
			isa = PBXResourcesBuildPhase;
			buildActionMask = 2147483647;
			files = (
				93DA6F8D2268CE1500B395B7 /* LaunchScreen.storyboard in Resources */,
				93DA6F8A2268CE1500B395B7 /* Assets.xcassets in Resources */,
				93DA6F882268CE1400B395B7 /* Main.storyboard in Resources */,
			);
			runOnlyForDeploymentPostprocessing = 0;
		};
/* End PBXResourcesBuildPhase section */

/* Begin PBXShellScriptBuildPhase section */
		0D6ABBE5AD80EBA3448E4344 /* [CP] Embed Pods Frameworks */ = {
			isa = PBXShellScriptBuildPhase;
			buildActionMask = 2147483647;
			files = (
			);
			inputFileListPaths = (
			);
			inputPaths = (
				"${PODS_ROOT}/Target Support Files/Pods-LearnTexture/Pods-LearnTexture-frameworks.sh",
				"${BUILT_PRODUCTS_DIR}/PINCache/PINCache.framework",
				"${BUILT_PRODUCTS_DIR}/PINOperation/PINOperation.framework",
				"${BUILT_PRODUCTS_DIR}/PINRemoteImage/PINRemoteImage.framework",
				"${BUILT_PRODUCTS_DIR}/Texture/AsyncDisplayKit.framework",
			);
			name = "[CP] Embed Pods Frameworks";
			outputFileListPaths = (
			);
			outputPaths = (
				"${TARGET_BUILD_DIR}/${FRAMEWORKS_FOLDER_PATH}/PINCache.framework",
				"${TARGET_BUILD_DIR}/${FRAMEWORKS_FOLDER_PATH}/PINOperation.framework",
				"${TARGET_BUILD_DIR}/${FRAMEWORKS_FOLDER_PATH}/PINRemoteImage.framework",
				"${TARGET_BUILD_DIR}/${FRAMEWORKS_FOLDER_PATH}/AsyncDisplayKit.framework",
			);
			runOnlyForDeploymentPostprocessing = 0;
			shellPath = /bin/sh;
			shellScript = "\"${PODS_ROOT}/Target Support Files/Pods-LearnTexture/Pods-LearnTexture-frameworks.sh\"\n";
			showEnvVarsInLog = 0;
		};
		8181AE887EBF1E72611C635A /* [CP] Check Pods Manifest.lock */ = {
			isa = PBXShellScriptBuildPhase;
			buildActionMask = 2147483647;
			files = (
			);
			inputFileListPaths = (
			);
			inputPaths = (
				"${PODS_PODFILE_DIR_PATH}/Podfile.lock",
				"${PODS_ROOT}/Manifest.lock",
			);
			name = "[CP] Check Pods Manifest.lock";
			outputFileListPaths = (
			);
			outputPaths = (
				"$(DERIVED_FILE_DIR)/Pods-LearnTexture-checkManifestLockResult.txt",
			);
			runOnlyForDeploymentPostprocessing = 0;
			shellPath = /bin/sh;
			shellScript = "diff \"${PODS_PODFILE_DIR_PATH}/Podfile.lock\" \"${PODS_ROOT}/Manifest.lock\" > /dev/null\nif [ $? != 0 ] ; then\n    # print error to STDERR\n    echo \"error: The sandbox is not in sync with the Podfile.lock. Run 'pod install' or update your CocoaPods installation.\" >&2\n    exit 1\nfi\n# This output is used by Xcode 'outputs' to avoid re-running this script phase.\necho \"SUCCESS\" > \"${SCRIPT_OUTPUT_FILE_0}\"\n";
			showEnvVarsInLog = 0;
		};
/* End PBXShellScriptBuildPhase section */

/* Begin PBXSourcesBuildPhase section */
		93DA6F7B2268CE1400B395B7 /* Sources */ = {
			isa = PBXSourcesBuildPhase;
			buildActionMask = 2147483647;
			files = (
				93DA6F952268D6FA00B395B7 /* MainViewController.swift in Sources */,
				934FC0F622853434000254D7 /* TextArea.swift in Sources */,
				93B84CCE2281B00B00ED2CDD /* Button.swift in Sources */,
				934FC0FA22869B65000254D7 /* SimplePlaygorund.swift in Sources */,
				93E093F42284DBEE00A22A8E /* ImageWithOverlayTexrViewController.swift in Sources */,
				93DA6F832268CE1400B395B7 /* AppDelegate.swift in Sources */,
				934FC0F82285A572000254D7 /* ImageWithAbsoluteIcon.swift in Sources */,
				934FC0F222852538000254D7 /* ScrollViewWithEditableText.swift in Sources */,
				934FC0F422852789000254D7 /* TextInput.swift in Sources */,
			);
			runOnlyForDeploymentPostprocessing = 0;
		};
/* End PBXSourcesBuildPhase section */

/* Begin PBXVariantGroup section */
		93DA6F862268CE1400B395B7 /* Main.storyboard */ = {
			isa = PBXVariantGroup;
			children = (
				93DA6F872268CE1400B395B7 /* Base */,
			);
			name = Main.storyboard;
			sourceTree = "<group>";
		};
		93DA6F8B2268CE1500B395B7 /* LaunchScreen.storyboard */ = {
			isa = PBXVariantGroup;
			children = (
				93DA6F8C2268CE1500B395B7 /* Base */,
			);
			name = LaunchScreen.storyboard;
			sourceTree = "<group>";
		};
/* End PBXVariantGroup section */

/* Begin XCBuildConfiguration section */
		93DA6F8F2268CE1500B395B7 /* Debug */ = {
			isa = XCBuildConfiguration;
			buildSettings = {
				ALWAYS_SEARCH_USER_PATHS = NO;
				CLANG_ANALYZER_NONNULL = YES;
				CLANG_ANALYZER_NUMBER_OBJECT_CONVERSION = YES_AGGRESSIVE;
				CLANG_CXX_LANGUAGE_STANDARD = "gnu++14";
				CLANG_CXX_LIBRARY = "libc++";
				CLANG_ENABLE_MODULES = YES;
				CLANG_ENABLE_OBJC_ARC = YES;
				CLANG_ENABLE_OBJC_WEAK = YES;
				CLANG_WARN_BLOCK_CAPTURE_AUTORELEASING = YES;
				CLANG_WARN_BOOL_CONVERSION = YES;
				CLANG_WARN_COMMA = YES;
				CLANG_WARN_CONSTANT_CONVERSION = YES;
				CLANG_WARN_DEPRECATED_OBJC_IMPLEMENTATIONS = YES;
				CLANG_WARN_DIRECT_OBJC_ISA_USAGE = YES_ERROR;
				CLANG_WARN_DOCUMENTATION_COMMENTS = YES;
				CLANG_WARN_EMPTY_BODY = YES;
				CLANG_WARN_ENUM_CONVERSION = YES;
				CLANG_WARN_INFINITE_RECURSION = YES;
				CLANG_WARN_INT_CONVERSION = YES;
				CLANG_WARN_NON_LITERAL_NULL_CONVERSION = YES;
				CLANG_WARN_OBJC_IMPLICIT_RETAIN_SELF = YES;
				CLANG_WARN_OBJC_LITERAL_CONVERSION = YES;
				CLANG_WARN_OBJC_ROOT_CLASS = YES_ERROR;
				CLANG_WARN_RANGE_LOOP_ANALYSIS = YES;
				CLANG_WARN_STRICT_PROTOTYPES = YES;
				CLANG_WARN_SUSPICIOUS_MOVE = YES;
				CLANG_WARN_UNGUARDED_AVAILABILITY = YES_AGGRESSIVE;
				CLANG_WARN_UNREACHABLE_CODE = YES;
				CLANG_WARN__DUPLICATE_METHOD_MATCH = YES;
				CODE_SIGN_IDENTITY = "iPhone Developer";
				COPY_PHASE_STRIP = NO;
				DEBUG_INFORMATION_FORMAT = dwarf;
				ENABLE_STRICT_OBJC_MSGSEND = YES;
				ENABLE_TESTABILITY = YES;
				GCC_C_LANGUAGE_STANDARD = gnu11;
				GCC_DYNAMIC_NO_PIC = NO;
				GCC_NO_COMMON_BLOCKS = YES;
				GCC_OPTIMIZATION_LEVEL = 0;
				GCC_PREPROCESSOR_DEFINITIONS = (
					"DEBUG=1",
					"$(inherited)",
				);
				GCC_WARN_64_TO_32_BIT_CONVERSION = YES;
				GCC_WARN_ABOUT_RETURN_TYPE = YES_ERROR;
				GCC_WARN_UNDECLARED_SELECTOR = YES;
				GCC_WARN_UNINITIALIZED_AUTOS = YES_AGGRESSIVE;
				GCC_WARN_UNUSED_FUNCTION = YES;
				GCC_WARN_UNUSED_VARIABLE = YES;
				IPHONEOS_DEPLOYMENT_TARGET = 12.1;
				MTL_ENABLE_DEBUG_INFO = INCLUDE_SOURCE;
				MTL_FAST_MATH = YES;
				ONLY_ACTIVE_ARCH = YES;
				SDKROOT = iphoneos;
				SWIFT_ACTIVE_COMPILATION_CONDITIONS = DEBUG;
				SWIFT_OPTIMIZATION_LEVEL = "-Onone";
			};
			name = Debug;
		};
		93DA6F902268CE1500B395B7 /* Release */ = {
			isa = XCBuildConfiguration;
			buildSettings = {
				ALWAYS_SEARCH_USER_PATHS = NO;
				CLANG_ANALYZER_NONNULL = YES;
				CLANG_ANALYZER_NUMBER_OBJECT_CONVERSION = YES_AGGRESSIVE;
				CLANG_CXX_LANGUAGE_STANDARD = "gnu++14";
				CLANG_CXX_LIBRARY = "libc++";
				CLANG_ENABLE_MODULES = YES;
				CLANG_ENABLE_OBJC_ARC = YES;
				CLANG_ENABLE_OBJC_WEAK = YES;
				CLANG_WARN_BLOCK_CAPTURE_AUTORELEASING = YES;
				CLANG_WARN_BOOL_CONVERSION = YES;
				CLANG_WARN_COMMA = YES;
				CLANG_WARN_CONSTANT_CONVERSION = YES;
				CLANG_WARN_DEPRECATED_OBJC_IMPLEMENTATIONS = YES;
				CLANG_WARN_DIRECT_OBJC_ISA_USAGE = YES_ERROR;
				CLANG_WARN_DOCUMENTATION_COMMENTS = YES;
				CLANG_WARN_EMPTY_BODY = YES;
				CLANG_WARN_ENUM_CONVERSION = YES;
				CLANG_WARN_INFINITE_RECURSION = YES;
				CLANG_WARN_INT_CONVERSION = YES;
				CLANG_WARN_NON_LITERAL_NULL_CONVERSION = YES;
				CLANG_WARN_OBJC_IMPLICIT_RETAIN_SELF = YES;
				CLANG_WARN_OBJC_LITERAL_CONVERSION = YES;
				CLANG_WARN_OBJC_ROOT_CLASS = YES_ERROR;
				CLANG_WARN_RANGE_LOOP_ANALYSIS = YES;
				CLANG_WARN_STRICT_PROTOTYPES = YES;
				CLANG_WARN_SUSPICIOUS_MOVE = YES;
				CLANG_WARN_UNGUARDED_AVAILABILITY = YES_AGGRESSIVE;
				CLANG_WARN_UNREACHABLE_CODE = YES;
				CLANG_WARN__DUPLICATE_METHOD_MATCH = YES;
				CODE_SIGN_IDENTITY = "iPhone Developer";
				COPY_PHASE_STRIP = NO;
				DEBUG_INFORMATION_FORMAT = "dwarf-with-dsym";
				ENABLE_NS_ASSERTIONS = NO;
				ENABLE_STRICT_OBJC_MSGSEND = YES;
				GCC_C_LANGUAGE_STANDARD = gnu11;
				GCC_NO_COMMON_BLOCKS = YES;
				GCC_WARN_64_TO_32_BIT_CONVERSION = YES;
				GCC_WARN_ABOUT_RETURN_TYPE = YES_ERROR;
				GCC_WARN_UNDECLARED_SELECTOR = YES;
				GCC_WARN_UNINITIALIZED_AUTOS = YES_AGGRESSIVE;
				GCC_WARN_UNUSED_FUNCTION = YES;
				GCC_WARN_UNUSED_VARIABLE = YES;
				IPHONEOS_DEPLOYMENT_TARGET = 12.1;
				MTL_ENABLE_DEBUG_INFO = NO;
				MTL_FAST_MATH = YES;
				SDKROOT = iphoneos;
				SWIFT_COMPILATION_MODE = wholemodule;
				SWIFT_OPTIMIZATION_LEVEL = "-O";
				VALIDATE_PRODUCT = YES;
			};
			name = Release;
		};
		93DA6F922268CE1500B395B7 /* Debug */ = {
			isa = XCBuildConfiguration;
			baseConfigurationReference = 7C5F8334F59094648ABD32C2 /* Pods-LearnTexture.debug.xcconfig */;
			buildSettings = {
				ASSETCATALOG_COMPILER_APPICON_NAME = AppIcon;
				CODE_SIGN_STYLE = Automatic;
				DEVELOPMENT_TEAM = 4437WC2GU7;
				INFOPLIST_FILE = LearnTexture/Info.plist;
				LD_RUNPATH_SEARCH_PATHS = (
					"$(inherited)",
					"@executable_path/Frameworks",
				);
				PRODUCT_BUNDLE_IDENTIFIER = com.sigidhanafi.LearnTexture;
				PRODUCT_NAME = "$(TARGET_NAME)";
				SWIFT_VERSION = 4.2;
				TARGETED_DEVICE_FAMILY = "1,2";
			};
			name = Debug;
		};
		93DA6F932268CE1500B395B7 /* Release */ = {
			isa = XCBuildConfiguration;
			baseConfigurationReference = 43AEA830D836ADE46B4D4E16 /* Pods-LearnTexture.release.xcconfig */;
			buildSettings = {
				ASSETCATALOG_COMPILER_APPICON_NAME = AppIcon;
				CODE_SIGN_STYLE = Automatic;
				DEVELOPMENT_TEAM = 4437WC2GU7;
				INFOPLIST_FILE = LearnTexture/Info.plist;
				LD_RUNPATH_SEARCH_PATHS = (
					"$(inherited)",
					"@executable_path/Frameworks",
				);
				PRODUCT_BUNDLE_IDENTIFIER = com.sigidhanafi.LearnTexture;
				PRODUCT_NAME = "$(TARGET_NAME)";
				SWIFT_VERSION = 4.2;
				TARGETED_DEVICE_FAMILY = "1,2";
			};
			name = Release;
		};
/* End XCBuildConfiguration section */

/* Begin XCConfigurationList section */
		93DA6F7A2268CE1400B395B7 /* Build configuration list for PBXProject "LearnTexture" */ = {
			isa = XCConfigurationList;
			buildConfigurations = (
				93DA6F8F2268CE1500B395B7 /* Debug */,
				93DA6F902268CE1500B395B7 /* Release */,
			);
			defaultConfigurationIsVisible = 0;
			defaultConfigurationName = Release;
		};
		93DA6F912268CE1500B395B7 /* Build configuration list for PBXNativeTarget "LearnTexture" */ = {
			isa = XCConfigurationList;
			buildConfigurations = (
				93DA6F922268CE1500B395B7 /* Debug */,
				93DA6F932268CE1500B395B7 /* Release */,
			);
			defaultConfigurationIsVisible = 0;
			defaultConfigurationName = Release;
		};
/* End XCConfigurationList section */
	};
	rootObject = 93DA6F772268CE1400B395B7 /* Project object */;
}
